
Microsoft Visual Studio Solution File, Format Version 12.00
# Visual Studio Version 17
VisualStudioVersion = 17.3.32811.315
MinimumVisualStudioVersion = 10.0.40219.1
Project("{FAE04EC0-301F-11D3-BF4B-00C04F79EFBC}") = "AdresBeheerBL", "AdresBeheerBL\AdresBeheerBL.csproj", "{1D0E096B-7FB5-46F6-9FC7-119CD12200F2}"
EndProject
Project("{FAE04EC0-301F-11D3-BF4B-00C04F79EFBC}") = "AdresBeheerDL", "AdresBeheerDL\AdresBeheerDL.csproj", "{923B31CE-038C-4CE1-8688-FBF2CF598516}"
EndProject
Project("{FAE04EC0-301F-11D3-BF4B-00C04F79EFBC}") = "AdresBeheerREST", "AdresBeheerREST\AdresBeheerREST.csproj", "{77B7FF07-9C9A-4541-92E0-9124C5AE55CE}"
EndProject
Project("{FAE04EC0-301F-11D3-BF4B-00C04F79EFBC}") = "TestDL", "TestDL\TestDL.csproj", "{5E985E0E-600E-4316-973E-50B716E2B0DF}"
EndProject
Global
	GlobalSection(SolutionConfigurationPlatforms) = preSolution
		Debug|Any CPU = Debug|Any CPU
		Release|Any CPU = Release|Any CPU
	EndGlobalSection
	GlobalSection(ProjectConfigurationPlatforms) = postSolution
		{1D0E096B-7FB5-46F6-9FC7-119CD12200F2}.Debug|Any CPU.ActiveCfg = Debug|Any CPU
		{1D0E096B-7FB5-46F6-9FC7-119CD12200F2}.Debug|Any CPU.Build.0 = Debug|Any CPU
		{1D0E096B-7FB5-46F6-9FC7-119CD12200F2}.Release|Any CPU.ActiveCfg = Release|Any CPU
		{1D0E096B-7FB5-46F6-9FC7-119CD12200F2}.Release|Any CPU.Build.0 = Release|Any CPU
		{923B31CE-038C-4CE1-8688-FBF2CF598516}.Debug|Any CPU.ActiveCfg = Debug|Any CPU
		{923B31CE-038C-4CE1-8688-FBF2CF598516}.Debug|Any CPU.Build.0 = Debug|Any CPU
		{923B31CE-038C-4CE1-8688-FBF2CF598516}.Release|Any CPU.ActiveCfg = Release|Any CPU
		{923B31CE-038C-4CE1-8688-FBF2CF598516}.Release|Any CPU.Build.0 = Release|Any CPU
		{77B7FF07-9C9A-4541-92E0-9124C5AE55CE}.Debug|Any CPU.ActiveCfg = Debug|Any CPU
		{77B7FF07-9C9A-4541-92E0-9124C5AE55CE}.Debug|Any CPU.Build.0 = Debug|Any CPU
		{77B7FF07-9C9A-4541-92E0-9124C5AE55CE}.Release|Any CPU.ActiveCfg = Release|Any CPU
		{77B7FF07-9C9A-4541-92E0-9124C5AE55CE}.Release|Any CPU.Build.0 = Release|Any CPU
		{5E985E0E-600E-4316-973E-50B716E2B0DF}.Debug|Any CPU.ActiveCfg = Debug|Any CPU
		{5E985E0E-600E-4316-973E-50B716E2B0DF}.Debug|Any CPU.Build.0 = Debug|Any CPU
		{5E985E0E-600E-4316-973E-50B716E2B0DF}.Release|Any CPU.ActiveCfg = Release|Any CPU
		{5E985E0E-600E-4316-973E-50B716E2B0DF}.Release|Any CPU.Build.0 = Release|Any CPU
	EndGlobalSection
	GlobalSection(SolutionProperties) = preSolution
		HideSolutionNode = FALSE
	EndGlobalSection
	GlobalSection(ExtensibilityGlobals) = postSolution
		SolutionGuid = {13D31115-1DF1-4298-B5C9-583664074F32}
	EndGlobalSection
EndGlobal
