
Microsoft Visual Studio Solution File, Format Version 12.00
# Visual Studio Version 17
VisualStudioVersion = 17.3.32922.545
MinimumVisualStudioVersion = 10.0.40219.1
Project("{9A19103F-16F7-4668-BE54-9A1E7A4F7556}") = "OpdrachtEvents", "OpdrachtEvents\OpdrachtEvents.csproj", "{8FD5AA39-B113-4102-B90E-1882C26E5604}"
EndProject
Project("{FAE04EC0-301F-11D3-BF4B-00C04F79EFBC}") = "EventBL", "EventBL\EventBL.csproj", "{B78DA811-949C-4550-93D0-F058843E25A8}"
EndProject
Global
	GlobalSection(SolutionConfigurationPlatforms) = preSolution
		Debug|Any CPU = Debug|Any CPU
		Release|Any CPU = Release|Any CPU
	EndGlobalSection
	GlobalSection(ProjectConfigurationPlatforms) = postSolution
		{8FD5AA39-B113-4102-B90E-1882C26E5604}.Debug|Any CPU.ActiveCfg = Debug|Any CPU
		{8FD5AA39-B113-4102-B90E-1882C26E5604}.Debug|Any CPU.Build.0 = Debug|Any CPU
		{8FD5AA39-B113-4102-B90E-1882C26E5604}.Release|Any CPU.ActiveCfg = Release|Any CPU
		{8FD5AA39-B113-4102-B90E-1882C26E5604}.Release|Any CPU.Build.0 = Release|Any CPU
		{B78DA811-949C-4550-93D0-F058843E25A8}.Debug|Any CPU.ActiveCfg = Debug|Any CPU
		{B78DA811-949C-4550-93D0-F058843E25A8}.Debug|Any CPU.Build.0 = Debug|Any CPU
		{B78DA811-949C-4550-93D0-F058843E25A8}.Release|Any CPU.ActiveCfg = Release|Any CPU
		{B78DA811-949C-4550-93D0-F058843E25A8}.Release|Any CPU.Build.0 = Release|Any CPU
	EndGlobalSection
	GlobalSection(SolutionProperties) = preSolution
		HideSolutionNode = FALSE
	EndGlobalSection
	GlobalSection(ExtensibilityGlobals) = postSolution
		SolutionGuid = {42D3AC09-EABA-4BA2-87F3-BA7B4376C7B6}
	EndGlobalSection
EndGlobal
