
Microsoft Visual Studio Solution File, Format Version 12.00
# Visual Studio Version 17
VisualStudioVersion = 17.3.32811.315
MinimumVisualStudioVersion = 10.0.40219.1
Project("{9A19103F-16F7-4668-BE54-9A1E7A4F7556}") = "RestaurantRESTServiceUser", "RestaurantRESTService\RestaurantRESTServiceUser.csproj", "{8049A78B-9D1D-46A3-84B7-BF9E0021616A}"
EndProject
Project("{9A19103F-16F7-4668-BE54-9A1E7A4F7556}") = "RestaurantBL", "RestaurentBL\RestaurantBL.csproj", "{13580471-1635-4757-8BF1-E775AF3803ED}"
EndProject
Project("{9A19103F-16F7-4668-BE54-9A1E7A4F7556}") = "RestaurantDL", "RestaurantDL\RestaurantDL.csproj", "{B9E193E9-A27F-4B4F-9547-01AC46BBD499}"
EndProject
Project("{9A19103F-16F7-4668-BE54-9A1E7A4F7556}") = "RestautantRESTServiceAdmin", "RestautantRESTServiceAdmin\RestautantRESTServiceAdmin.csproj", "{7D8E47DC-D602-49FC-B5DD-922AE8F87803}"
EndProject
Project("{2150E333-8FDC-42A3-9474-1A3956D46DE8}") = "Testapps", "Testapps", "{DB2C1226-E7F9-44EE-A404-AC76DAAA67F1}"
EndProject
Project("{9A19103F-16F7-4668-BE54-9A1E7A4F7556}") = "ConsoleApp1", "ConsoleApp1\ConsoleApp1.csproj", "{FBF371B2-7D4D-4D6D-B3F1-73F4D0AFAA58}"
EndProject
Project("{9A19103F-16F7-4668-BE54-9A1E7A4F7556}") = "ConsoleApp2", "ConsoleApp2\ConsoleApp2.csproj", "{B023F1CE-C763-45C5-8914-153D0FA15266}"
EndProject
Project("{2150E333-8FDC-42A3-9474-1A3956D46DE8}") = "Solution Items", "Solution Items", "{07139822-D3AC-4BB4-BA46-B2A66B0448F3}"
	ProjectSection(SolutionItems) = preProject
		opmerkingen.txt = opmerkingen.txt
	EndProjectSection
EndProject
Global
	GlobalSection(SolutionConfigurationPlatforms) = preSolution
		Debug|Any CPU = Debug|Any CPU
		Release|Any CPU = Release|Any CPU
	EndGlobalSection
	GlobalSection(ProjectConfigurationPlatforms) = postSolution
		{8049A78B-9D1D-46A3-84B7-BF9E0021616A}.Debug|Any CPU.ActiveCfg = Debug|Any CPU
		{8049A78B-9D1D-46A3-84B7-BF9E0021616A}.Debug|Any CPU.Build.0 = Debug|Any CPU
		{8049A78B-9D1D-46A3-84B7-BF9E0021616A}.Release|Any CPU.ActiveCfg = Release|Any CPU
		{8049A78B-9D1D-46A3-84B7-BF9E0021616A}.Release|Any CPU.Build.0 = Release|Any CPU
		{13580471-1635-4757-8BF1-E775AF3803ED}.Debug|Any CPU.ActiveCfg = Debug|Any CPU
		{13580471-1635-4757-8BF1-E775AF3803ED}.Debug|Any CPU.Build.0 = Debug|Any CPU
		{13580471-1635-4757-8BF1-E775AF3803ED}.Release|Any CPU.ActiveCfg = Release|Any CPU
		{13580471-1635-4757-8BF1-E775AF3803ED}.Release|Any CPU.Build.0 = Release|Any CPU
		{B9E193E9-A27F-4B4F-9547-01AC46BBD499}.Debug|Any CPU.ActiveCfg = Debug|Any CPU
		{B9E193E9-A27F-4B4F-9547-01AC46BBD499}.Debug|Any CPU.Build.0 = Debug|Any CPU
		{B9E193E9-A27F-4B4F-9547-01AC46BBD499}.Release|Any CPU.ActiveCfg = Release|Any CPU
		{B9E193E9-A27F-4B4F-9547-01AC46BBD499}.Release|Any CPU.Build.0 = Release|Any CPU
		{7D8E47DC-D602-49FC-B5DD-922AE8F87803}.Debug|Any CPU.ActiveCfg = Debug|Any CPU
		{7D8E47DC-D602-49FC-B5DD-922AE8F87803}.Debug|Any CPU.Build.0 = Debug|Any CPU
		{7D8E47DC-D602-49FC-B5DD-922AE8F87803}.Release|Any CPU.ActiveCfg = Release|Any CPU
		{7D8E47DC-D602-49FC-B5DD-922AE8F87803}.Release|Any CPU.Build.0 = Release|Any CPU
		{FBF371B2-7D4D-4D6D-B3F1-73F4D0AFAA58}.Debug|Any CPU.ActiveCfg = Debug|Any CPU
		{FBF371B2-7D4D-4D6D-B3F1-73F4D0AFAA58}.Debug|Any CPU.Build.0 = Debug|Any CPU
		{FBF371B2-7D4D-4D6D-B3F1-73F4D0AFAA58}.Release|Any CPU.ActiveCfg = Release|Any CPU
		{FBF371B2-7D4D-4D6D-B3F1-73F4D0AFAA58}.Release|Any CPU.Build.0 = Release|Any CPU
		{B023F1CE-C763-45C5-8914-153D0FA15266}.Debug|Any CPU.ActiveCfg = Debug|Any CPU
		{B023F1CE-C763-45C5-8914-153D0FA15266}.Debug|Any CPU.Build.0 = Debug|Any CPU
		{B023F1CE-C763-45C5-8914-153D0FA15266}.Release|Any CPU.ActiveCfg = Release|Any CPU
		{B023F1CE-C763-45C5-8914-153D0FA15266}.Release|Any CPU.Build.0 = Release|Any CPU
	EndGlobalSection
	GlobalSection(SolutionProperties) = preSolution
		HideSolutionNode = FALSE
	EndGlobalSection
	GlobalSection(NestedProjects) = preSolution
		{FBF371B2-7D4D-4D6D-B3F1-73F4D0AFAA58} = {DB2C1226-E7F9-44EE-A404-AC76DAAA67F1}
		{B023F1CE-C763-45C5-8914-153D0FA15266} = {DB2C1226-E7F9-44EE-A404-AC76DAAA67F1}
	EndGlobalSection
	GlobalSection(ExtensibilityGlobals) = postSolution
		SolutionGuid = {31A037B3-D2FE-42EA-9B60-A06D10726FA7}
	EndGlobalSection
EndGlobal
